
Microsoft Visual Studio Solution File, Format Version 12.00
# Visual Studio Version 17
VisualStudioVersion = 17.12.35514.174
MinimumVisualStudioVersion = 10.0.40219.1
Project("{FAE04EC0-301F-11D3-BF4B-00C04F79EFBC}") = "Modulverwaltungssoftware", "Modulverwaltungssoftware\Modulverwaltungssoftware.csproj", "{03FAC9AD-C03D-4983-82CE-61FFBEF75EAF}"
EndProject
Global
	GlobalSection(SolutionConfigurationPlatforms) = preSolution
		Debug|Any CPU = Debug|Any CPU
		Debug|x86 = Debug|x86
		Release|Any CPU = Release|Any CPU
		Release|x86 = Release|x86
	EndGlobalSection
	GlobalSection(ProjectConfigurationPlatforms) = postSolution
		{03FAC9AD-C03D-4983-82CE-61FFBEF75EAF}.Debug|Any CPU.ActiveCfg = Debug|Any CPU
		{03FAC9AD-C03D-4983-82CE-61FFBEF75EAF}.Debug|Any CPU.Build.0 = Debug|Any CPU
		{03FAC9AD-C03D-4983-82CE-61FFBEF75EAF}.Debug|x86.ActiveCfg = Debug|Any CPU
		{03FAC9AD-C03D-4983-82CE-61FFBEF75EAF}.Release|Any CPU.ActiveCfg = Release|Any CPU
		{03FAC9AD-C03D-4983-82CE-61FFBEF75EAF}.Release|Any CPU.Build.0 = Release|Any CPU
		{03FAC9AD-C03D-4983-82CE-61FFBEF75EAF}.Release|x86.ActiveCfg = Release|Any CPU
	EndGlobalSection
	GlobalSection(SolutionProperties) = preSolution
		HideSolutionNode = FALSE
	EndGlobalSection
	GlobalSection(ExtensibilityGlobals) = postSolution
		SolutionGuid = {0E905307-AB27-405F-9933-808890372DB0}
	EndGlobalSection
EndGlobal
